// !$*UTF8*$!
{
	archiveVersion = 1;
	classes = {
	};
	objectVersion = 50;
	objects = {

/* Begin PBXBuildFile section */
		1F95BA6B25BA799C00F60406 /* AppDelegate.swift in Sources */ = {isa = PBXBuildFile; fileRef = 1F95BA6A25BA799C00F60406 /* AppDelegate.swift */; };
		1F95BA6D25BA799C00F60406 /* SceneDelegate.swift in Sources */ = {isa = PBXBuildFile; fileRef = 1F95BA6C25BA799C00F60406 /* SceneDelegate.swift */; };
		1F95BA6F25BA799C00F60406 /* ViewController.swift in Sources */ = {isa = PBXBuildFile; fileRef = 1F95BA6E25BA799C00F60406 /* ViewController.swift */; };
		1F95BA7225BA799C00F60406 /* Main.storyboard in Resources */ = {isa = PBXBuildFile; fileRef = 1F95BA7025BA799C00F60406 /* Main.storyboard */; };
		1F95BA7525BA799C00F60406 /* xiaoHongShu.xcdatamodeld in Sources */ = {isa = PBXBuildFile; fileRef = 1F95BA7325BA799C00F60406 /* xiaoHongShu.xcdatamodeld */; };
		1F95BA7725BA799E00F60406 /* Assets.xcassets in Resources */ = {isa = PBXBuildFile; fileRef = 1F95BA7625BA799E00F60406 /* Assets.xcassets */; };
		1F95BA7A25BA799E00F60406 /* LaunchScreen.storyboard in Resources */ = {isa = PBXBuildFile; fileRef = 1F95BA7825BA799E00F60406 /* LaunchScreen.storyboard */; };
		1F95BA8525BA799E00F60406 /* xiaoHongShuTests.swift in Sources */ = {isa = PBXBuildFile; fileRef = 1F95BA8425BA799E00F60406 /* xiaoHongShuTests.swift */; };
		1F95BA9025BA799E00F60406 /* xiaoHongShuUITests.swift in Sources */ = {isa = PBXBuildFile; fileRef = 1F95BA8F25BA799E00F60406 /* xiaoHongShuUITests.swift */; };
/* End PBXBuildFile section */

/* Begin PBXContainerItemProxy section */
		1F95BA8125BA799E00F60406 /* PBXContainerItemProxy */ = {
			isa = PBXContainerItemProxy;
			containerPortal = 1F95BA5F25BA799C00F60406 /* Project object */;
			proxyType = 1;
			remoteGlobalIDString = 1F95BA6625BA799C00F60406;
			remoteInfo = xiaoHongShu;
		};
		1F95BA8C25BA799E00F60406 /* PBXContainerItemProxy */ = {
			isa = PBXContainerItemProxy;
			containerPortal = 1F95BA5F25BA799C00F60406 /* Project object */;
			proxyType = 1;
			remoteGlobalIDString = 1F95BA6625BA799C00F60406;
			remoteInfo = xiaoHongShu;
		};
/* End PBXContainerItemProxy section */

/* Begin PBXFileReference section */
		1F95BA6725BA799C00F60406 /* xiaoHongShu.app */ = {isa = PBXFileReference; explicitFileType = wrapper.application; includeInIndex = 0; path = xiaoHongShu.app; sourceTree = BUILT_PRODUCTS_DIR; };
		1F95BA6A25BA799C00F60406 /* AppDelegate.swift */ = {isa = PBXFileReference; lastKnownFileType = sourcecode.swift; path = AppDelegate.swift; sourceTree = "<group>"; };
		1F95BA6C25BA799C00F60406 /* SceneDelegate.swift */ = {isa = PBXFileReference; lastKnownFileType = sourcecode.swift; path = SceneDelegate.swift; sourceTree = "<group>"; };
		1F95BA6E25BA799C00F60406 /* ViewController.swift */ = {isa = PBXFileReference; lastKnownFileType = sourcecode.swift; path = ViewController.swift; sourceTree = "<group>"; };
		1F95BA7125BA799C00F60406 /* Base */ = {isa = PBXFileReference; lastKnownFileType = file.storyboard; name = Base; path = Base.lproj/Main.storyboard; sourceTree = "<group>"; };
		1F95BA7425BA799C00F60406 /* xiaoHongShu.xcdatamodel */ = {isa = PBXFileReference; lastKnownFileType = wrapper.xcdatamodel; path = xiaoHongShu.xcdatamodel; sourceTree = "<group>"; };
		1F95BA7625BA799E00F60406 /* Assets.xcassets */ = {isa = PBXFileReference; lastKnownFileType = folder.assetcatalog; path = Assets.xcassets; sourceTree = "<group>"; };
		1F95BA7925BA799E00F60406 /* Base */ = {isa = PBXFileReference; lastKnownFileType = file.storyboard; name = Base; path = Base.lproj/LaunchScreen.storyboard; sourceTree = "<group>"; };
		1F95BA7B25BA799E00F60406 /* Info.plist */ = {isa = PBXFileReference; lastKnownFileType = text.plist.xml; path = Info.plist; sourceTree = "<group>"; };
		1F95BA8025BA799E00F60406 /* xiaoHongShuTests.xctest */ = {isa = PBXFileReference; explicitFileType = wrapper.cfbundle; includeInIndex = 0; path = xiaoHongShuTests.xctest; sourceTree = BUILT_PRODUCTS_DIR; };
		1F95BA8425BA799E00F60406 /* xiaoHongShuTests.swift */ = {isa = PBXFileReference; lastKnownFileType = sourcecode.swift; path = xiaoHongShuTests.swift; sourceTree = "<group>"; };
		1F95BA8625BA799E00F60406 /* Info.plist */ = {isa = PBXFileReference; lastKnownFileType = text.plist.xml; path = Info.plist; sourceTree = "<group>"; };
		1F95BA8B25BA799E00F60406 /* xiaoHongShuUITests.xctest */ = {isa = PBXFileReference; explicitFileType = wrapper.cfbundle; includeInIndex = 0; path = xiaoHongShuUITests.xctest; sourceTree = BUILT_PRODUCTS_DIR; };
		1F95BA8F25BA799E00F60406 /* xiaoHongShuUITests.swift */ = {isa = PBXFileReference; lastKnownFileType = sourcecode.swift; path = xiaoHongShuUITests.swift; sourceTree = "<group>"; };
		1F95BA9125BA799E00F60406 /* Info.plist */ = {isa = PBXFileReference; lastKnownFileType = text.plist.xml; path = Info.plist; sourceTree = "<group>"; };
/* End PBXFileReference section */

/* Begin PBXFrameworksBuildPhase section */
		1F95BA6425BA799C00F60406 /* Frameworks */ = {
			isa = PBXFrameworksBuildPhase;
			buildActionMask = 2147483647;
			files = (
			);
			runOnlyForDeploymentPostprocessing = 0;
		};
		1F95BA7D25BA799E00F60406 /* Frameworks */ = {
			isa = PBXFrameworksBuildPhase;
			buildActionMask = 2147483647;
			files = (
			);
			runOnlyForDeploymentPostprocessing = 0;
		};
		1F95BA8825BA799E00F60406 /* Frameworks */ = {
			isa = PBXFrameworksBuildPhase;
			buildActionMask = 2147483647;
			files = (
			);
			runOnlyForDeploymentPostprocessing = 0;
		};
/* End PBXFrameworksBuildPhase section */

/* Begin PBXGroup section */
		1F95BA5E25BA799C00F60406 = {
			isa = PBXGroup;
			children = (
				1F95BA6925BA799C00F60406 /* xiaoHongShu */,
				1F95BA8325BA799E00F60406 /* xiaoHongShuTests */,
				1F95BA8E25BA799E00F60406 /* xiaoHongShuUITests */,
				1F95BA6825BA799C00F60406 /* Products */,
			);
			sourceTree = "<group>";
		};
		1F95BA6825BA799C00F60406 /* Products */ = {
			isa = PBXGroup;
			children = (
				1F95BA6725BA799C00F60406 /* xiaoHongShu.app */,
				1F95BA8025BA799E00F60406 /* xiaoHongShuTests.xctest */,
				1F95BA8B25BA799E00F60406 /* xiaoHongShuUITests.xctest */,
			);
			name = Products;
			sourceTree = "<group>";
		};
		1F95BA6925BA799C00F60406 /* xiaoHongShu */ = {
			isa = PBXGroup;
			children = (
				1F95BA6A25BA799C00F60406 /* AppDelegate.swift */,
				1F95BA6C25BA799C00F60406 /* SceneDelegate.swift */,
				1F95BA6E25BA799C00F60406 /* ViewController.swift */,
				1F95BA7025BA799C00F60406 /* Main.storyboard */,
				1F95BA7625BA799E00F60406 /* Assets.xcassets */,
				1F95BA7825BA799E00F60406 /* LaunchScreen.storyboard */,
				1F95BA7B25BA799E00F60406 /* Info.plist */,
				1F95BA7325BA799C00F60406 /* xiaoHongShu.xcdatamodeld */,
			);
			path = xiaoHongShu;
			sourceTree = "<group>";
		};
		1F95BA8325BA799E00F60406 /* xiaoHongShuTests */ = {
			isa = PBXGroup;
			children = (
				1F95BA8425BA799E00F60406 /* xiaoHongShuTests.swift */,
				1F95BA8625BA799E00F60406 /* Info.plist */,
			);
			path = xiaoHongShuTests;
			sourceTree = "<group>";
		};
		1F95BA8E25BA799E00F60406 /* xiaoHongShuUITests */ = {
			isa = PBXGroup;
			children = (
				1F95BA8F25BA799E00F60406 /* xiaoHongShuUITests.swift */,
				1F95BA9125BA799E00F60406 /* Info.plist */,
			);
			path = xiaoHongShuUITests;
			sourceTree = "<group>";
		};
/* End PBXGroup section */

/* Begin PBXNativeTarget section */
		1F95BA6625BA799C00F60406 /* xiaoHongShu */ = {
			isa = PBXNativeTarget;
			buildConfigurationList = 1F95BA9425BA799E00F60406 /* Build configuration list for PBXNativeTarget "xiaoHongShu" */;
			buildPhases = (
				1F95BA6325BA799C00F60406 /* Sources */,
				1F95BA6425BA799C00F60406 /* Frameworks */,
				1F95BA6525BA799C00F60406 /* Resources */,
			);
			buildRules = (
			);
			dependencies = (
			);
			name = xiaoHongShu;
			productName = xiaoHongShu;
			productReference = 1F95BA6725BA799C00F60406 /* xiaoHongShu.app */;
			productType = "com.apple.product-type.application";
		};
		1F95BA7F25BA799E00F60406 /* xiaoHongShuTests */ = {
			isa = PBXNativeTarget;
			buildConfigurationList = 1F95BA9725BA799E00F60406 /* Build configuration list for PBXNativeTarget "xiaoHongShuTests" */;
			buildPhases = (
				1F95BA7C25BA799E00F60406 /* Sources */,
				1F95BA7D25BA799E00F60406 /* Frameworks */,
				1F95BA7E25BA799E00F60406 /* Resources */,
			);
			buildRules = (
			);
			dependencies = (
				1F95BA8225BA799E00F60406 /* PBXTargetDependency */,
			);
			name = xiaoHongShuTests;
			productName = xiaoHongShuTests;
			productReference = 1F95BA8025BA799E00F60406 /* xiaoHongShuTests.xctest */;
			productType = "com.apple.product-type.bundle.unit-test";
		};
		1F95BA8A25BA799E00F60406 /* xiaoHongShuUITests */ = {
			isa = PBXNativeTarget;
			buildConfigurationList = 1F95BA9A25BA799E00F60406 /* Build configuration list for PBXNativeTarget "xiaoHongShuUITests" */;
			buildPhases = (
				1F95BA8725BA799E00F60406 /* Sources */,
				1F95BA8825BA799E00F60406 /* Frameworks */,
				1F95BA8925BA799E00F60406 /* Resources */,
			);
			buildRules = (
			);
			dependencies = (
				1F95BA8D25BA799E00F60406 /* PBXTargetDependency */,
			);
			name = xiaoHongShuUITests;
			productName = xiaoHongShuUITests;
			productReference = 1F95BA8B25BA799E00F60406 /* xiaoHongShuUITests.xctest */;
			productType = "com.apple.product-type.bundle.ui-testing";
		};
/* End PBXNativeTarget section */

/* Begin PBXProject section */
		1F95BA5F25BA799C00F60406 /* Project object */ = {
			isa = PBXProject;
			attributes = {
				LastSwiftUpdateCheck = 1220;
				LastUpgradeCheck = 1220;
				TargetAttributes = {
					1F95BA6625BA799C00F60406 = {
						CreatedOnToolsVersion = 12.2;
					};
					1F95BA7F25BA799E00F60406 = {
						CreatedOnToolsVersion = 12.2;
						TestTargetID = 1F95BA6625BA799C00F60406;
					};
					1F95BA8A25BA799E00F60406 = {
						CreatedOnToolsVersion = 12.2;
						TestTargetID = 1F95BA6625BA799C00F60406;
					};
				};
			};
			buildConfigurationList = 1F95BA6225BA799C00F60406 /* Build configuration list for PBXProject "xiaoHongShu" */;
			compatibilityVersion = "Xcode 9.3";
			developmentRegion = en;
			hasScannedForEncodings = 0;
			knownRegions = (
				en,
				Base,
			);
			mainGroup = 1F95BA5E25BA799C00F60406;
			productRefGroup = 1F95BA6825BA799C00F60406 /* Products */;
			projectDirPath = "";
			projectRoot = "";
			targets = (
				1F95BA6625BA799C00F60406 /* xiaoHongShu */,
				1F95BA7F25BA799E00F60406 /* xiaoHongShuTests */,
				1F95BA8A25BA799E00F60406 /* xiaoHongShuUITests */,
			);
		};
/* End PBXProject section */

/* Begin PBXResourcesBuildPhase section */
		1F95BA6525BA799C00F60406 /* Resources */ = {
			isa = PBXResourcesBuildPhase;
			buildActionMask = 2147483647;
			files = (
				1F95BA7A25BA799E00F60406 /* LaunchScreen.storyboard in Resources */,
				1F95BA7725BA799E00F60406 /* Assets.xcassets in Resources */,
				1F95BA7225BA799C00F60406 /* Main.storyboard in Resources */,
			);
			runOnlyForDeploymentPostprocessing = 0;
		};
		1F95BA7E25BA799E00F60406 /* Resources */ = {
			isa = PBXResourcesBuildPhase;
			buildActionMask = 2147483647;
			files = (
			);
			runOnlyForDeploymentPostprocessing = 0;
		};
		1F95BA8925BA799E00F60406 /* Resources */ = {
			isa = PBXResourcesBuildPhase;
			buildActionMask = 2147483647;
			files = (
			);
			runOnlyForDeploymentPostprocessing = 0;
		};
/* End PBXResourcesBuildPhase section */

/* Begin PBXSourcesBuildPhase section */
		1F95BA6325BA799C00F60406 /* Sources */ = {
			isa = PBXSourcesBuildPhase;
			buildActionMask = 2147483647;
			files = (
				1F95BA6F25BA799C00F60406 /* ViewController.swift in Sources */,
				1F95BA7525BA799C00F60406 /* xiaoHongShu.xcdatamodeld in Sources */,
				1F95BA6B25BA799C00F60406 /* AppDelegate.swift in Sources */,
				1F95BA6D25BA799C00F60406 /* SceneDelegate.swift in Sources */,
			);
			runOnlyForDeploymentPostprocessing = 0;
		};
		1F95BA7C25BA799E00F60406 /* Sources */ = {
			isa = PBXSourcesBuildPhase;
			buildActionMask = 2147483647;
			files = (
				1F95BA8525BA799E00F60406 /* xiaoHongShuTests.swift in Sources */,
			);
			runOnlyForDeploymentPostprocessing = 0;
		};
		1F95BA8725BA799E00F60406 /* Sources */ = {
			isa = PBXSourcesBuildPhase;
			buildActionMask = 2147483647;
			files = (
				1F95BA9025BA799E00F60406 /* xiaoHongShuUITests.swift in Sources */,
			);
			runOnlyForDeploymentPostprocessing = 0;
		};
/* End PBXSourcesBuildPhase section */

/* Begin PBXTargetDependency section */
		1F95BA8225BA799E00F60406 /* PBXTargetDependency */ = {
			isa = PBXTargetDependency;
			target = 1F95BA6625BA799C00F60406 /* xiaoHongShu */;
			targetProxy = 1F95BA8125BA799E00F60406 /* PBXContainerItemProxy */;
		};
		1F95BA8D25BA799E00F60406 /* PBXTargetDependency */ = {
			isa = PBXTargetDependency;
			target = 1F95BA6625BA799C00F60406 /* xiaoHongShu */;
			targetProxy = 1F95BA8C25BA799E00F60406 /* PBXContainerItemProxy */;
		};
/* End PBXTargetDependency section */

/* Begin PBXVariantGroup section */
		1F95BA7025BA799C00F60406 /* Main.storyboard */ = {
			isa = PBXVariantGroup;
			children = (
				1F95BA7125BA799C00F60406 /* Base */,
			);
			name = Main.storyboard;
			sourceTree = "<group>";
		};
		1F95BA7825BA799E00F60406 /* LaunchScreen.storyboard */ = {
			isa = PBXVariantGroup;
			children = (
				1F95BA7925BA799E00F60406 /* Base */,
			);
			name = LaunchScreen.storyboard;
			sourceTree = "<group>";
		};
/* End PBXVariantGroup section */

/* Begin XCBuildConfiguration section */
		1F95BA9225BA799E00F60406 /* Debug */ = {
			isa = XCBuildConfiguration;
			buildSettings = {
				ALWAYS_SEARCH_USER_PATHS = NO;
				CLANG_ANALYZER_NONNULL = YES;
				CLANG_ANALYZER_NUMBER_OBJECT_CONVERSION = YES_AGGRESSIVE;
				CLANG_CXX_LANGUAGE_STANDARD = "gnu++14";
				CLANG_CXX_LIBRARY = "libc++";
				CLANG_ENABLE_MODULES = YES;
				CLANG_ENABLE_OBJC_ARC = YES;
				CLANG_ENABLE_OBJC_WEAK = YES;
				CLANG_WARN_BLOCK_CAPTURE_AUTORELEASING = YES;
				CLANG_WARN_BOOL_CONVERSION = YES;
				CLANG_WARN_COMMA = YES;
				CLANG_WARN_CONSTANT_CONVERSION = YES;
				CLANG_WARN_DEPRECATED_OBJC_IMPLEMENTATIONS = YES;
				CLANG_WARN_DIRECT_OBJC_ISA_USAGE = YES_ERROR;
				CLANG_WARN_DOCUMENTATION_COMMENTS = YES;
				CLANG_WARN_EMPTY_BODY = YES;
				CLANG_WARN_ENUM_CONVERSION = YES;
				CLANG_WARN_INFINITE_RECURSION = YES;
				CLANG_WARN_INT_CONVERSION = YES;
				CLANG_WARN_NON_LITERAL_NULL_CONVERSION = YES;
				CLANG_WARN_OBJC_IMPLICIT_RETAIN_SELF = YES;
				CLANG_WARN_OBJC_LITERAL_CONVERSION = YES;
				CLANG_WARN_OBJC_ROOT_CLASS = YES_ERROR;
				CLANG_WARN_QUOTED_INCLUDE_IN_FRAMEWORK_HEADER = YES;
				CLANG_WARN_RANGE_LOOP_ANALYSIS = YES;
				CLANG_WARN_STRICT_PROTOTYPES = YES;
				CLANG_WARN_SUSPICIOUS_MOVE = YES;
				CLANG_WARN_UNGUARDED_AVAILABILITY = YES_AGGRESSIVE;
				CLANG_WARN_UNREACHABLE_CODE = YES;
				CLANG_WARN__DUPLICATE_METHOD_MATCH = YES;
				COPY_PHASE_STRIP = NO;
				DEBUG_INFORMATION_FORMAT = dwarf;
				ENABLE_STRICT_OBJC_MSGSEND = YES;
				ENABLE_TESTABILITY = YES;
				GCC_C_LANGUAGE_STANDARD = gnu11;
				GCC_DYNAMIC_NO_PIC = NO;
				GCC_NO_COMMON_BLOCKS = YES;
				GCC_OPTIMIZATION_LEVEL = 0;
				GCC_PREPROCESSOR_DEFINITIONS = (
					"DEBUG=1",
					"$(inherited)",
				);
				GCC_WARN_64_TO_32_BIT_CONVERSION = YES;
				GCC_WARN_ABOUT_RETURN_TYPE = YES_ERROR;
				GCC_WARN_UNDECLARED_SELECTOR = YES;
				GCC_WARN_UNINITIALIZED_AUTOS = YES_AGGRESSIVE;
				GCC_WARN_UNUSED_FUNCTION = YES;
				GCC_WARN_UNUSED_VARIABLE = YES;
				IPHONEOS_DEPLOYMENT_TARGET = 14.2;
				MTL_ENABLE_DEBUG_INFO = INCLUDE_SOURCE;
				MTL_FAST_MATH = YES;
				ONLY_ACTIVE_ARCH = YES;
				SDKROOT = iphoneos;
				SWIFT_ACTIVE_COMPILATION_CONDITIONS = DEBUG;
				SWIFT_OPTIMIZATION_LEVEL = "-Onone";
			};
			name = Debug;
		};
		1F95BA9325BA799E00F60406 /* Release */ = {
			isa = XCBuildConfiguration;
			buildSettings = {
				ALWAYS_SEARCH_USER_PATHS = NO;
				CLANG_ANALYZER_NONNULL = YES;
				CLANG_ANALYZER_NUMBER_OBJECT_CONVERSION = YES_AGGRESSIVE;
				CLANG_CXX_LANGUAGE_STANDARD = "gnu++14";
				CLANG_CXX_LIBRARY = "libc++";
				CLANG_ENABLE_MODULES = YES;
				CLANG_ENABLE_OBJC_ARC = YES;
				CLANG_ENABLE_OBJC_WEAK = YES;
				CLANG_WARN_BLOCK_CAPTURE_AUTORELEASING = YES;
				CLANG_WARN_BOOL_CONVERSION = YES;
				CLANG_WARN_COMMA = YES;
				CLANG_WARN_CONSTANT_CONVERSION = YES;
				CLANG_WARN_DEPRECATED_OBJC_IMPLEMENTATIONS = YES;
				CLANG_WARN_DIRECT_OBJC_ISA_USAGE = YES_ERROR;
				CLANG_WARN_DOCUMENTATION_COMMENTS = YES;
				CLANG_WARN_EMPTY_BODY = YES;
				CLANG_WARN_ENUM_CONVERSION = YES;
				CLANG_WARN_INFINITE_RECURSION = YES;
				CLANG_WARN_INT_CONVERSION = YES;
				CLANG_WARN_NON_LITERAL_NULL_CONVERSION = YES;
				CLANG_WARN_OBJC_IMPLICIT_RETAIN_SELF = YES;
				CLANG_WARN_OBJC_LITERAL_CONVERSION = YES;
				CLANG_WARN_OBJC_ROOT_CLASS = YES_ERROR;
				CLANG_WARN_QUOTED_INCLUDE_IN_FRAMEWORK_HEADER = YES;
				CLANG_WARN_RANGE_LOOP_ANALYSIS = YES;
				CLANG_WARN_STRICT_PROTOTYPES = YES;
				CLANG_WARN_SUSPICIOUS_MOVE = YES;
				CLANG_WARN_UNGUARDED_AVAILABILITY = YES_AGGRESSIVE;
				CLANG_WARN_UNREACHABLE_CODE = YES;
				CLANG_WARN__DUPLICATE_METHOD_MATCH = YES;
				COPY_PHASE_STRIP = NO;
				DEBUG_INFORMATION_FORMAT = "dwarf-with-dsym";
				ENABLE_NS_ASSERTIONS = NO;
				ENABLE_STRICT_OBJC_MSGSEND = YES;
				GCC_C_LANGUAGE_STANDARD = gnu11;
				GCC_NO_COMMON_BLOCKS = YES;
				GCC_WARN_64_TO_32_BIT_CONVERSION = YES;
				GCC_WARN_ABOUT_RETURN_TYPE = YES_ERROR;
				GCC_WARN_UNDECLARED_SELECTOR = YES;
				GCC_WARN_UNINITIALIZED_AUTOS = YES_AGGRESSIVE;
				GCC_WARN_UNUSED_FUNCTION = YES;
				GCC_WARN_UNUSED_VARIABLE = YES;
				IPHONEOS_DEPLOYMENT_TARGET = 14.2;
				MTL_ENABLE_DEBUG_INFO = NO;
				MTL_FAST_MATH = YES;
				SDKROOT = iphoneos;
				SWIFT_COMPILATION_MODE = wholemodule;
				SWIFT_OPTIMIZATION_LEVEL = "-O";
				VALIDATE_PRODUCT = YES;
			};
			name = Release;
		};
		1F95BA9525BA799E00F60406 /* Debug */ = {
			isa = XCBuildConfiguration;
			buildSettings = {
				ASSETCATALOG_COMPILER_APPICON_NAME = AppIcon;
				ASSETCATALOG_COMPILER_GLOBAL_ACCENT_COLOR_NAME = AccentColor;
				CODE_SIGN_STYLE = Automatic;
				INFOPLIST_FILE = xiaoHongShu/Info.plist;
				LD_RUNPATH_SEARCH_PATHS = (
					"$(inherited)",
					"@executable_path/Frameworks",
				);
				PRODUCT_BUNDLE_IDENTIFIER = com.app.xiaoHongShu;
				PRODUCT_NAME = "$(TARGET_NAME)";
				SWIFT_VERSION = 5.0;
				TARGETED_DEVICE_FAMILY = "1,2";
			};
			name = Debug;
		};
		1F95BA9625BA799E00F60406 /* Release */ = {
			isa = XCBuildConfiguration;
			buildSettings = {
				ASSETCATALOG_COMPILER_APPICON_NAME = AppIcon;
				ASSETCATALOG_COMPILER_GLOBAL_ACCENT_COLOR_NAME = AccentColor;
				CODE_SIGN_STYLE = Automatic;
				INFOPLIST_FILE = xiaoHongShu/Info.plist;
				LD_RUNPATH_SEARCH_PATHS = (
					"$(inherited)",
					"@executable_path/Frameworks",
				);
				PRODUCT_BUNDLE_IDENTIFIER = com.app.xiaoHongShu;
				PRODUCT_NAME = "$(TARGET_NAME)";
				SWIFT_VERSION = 5.0;
				TARGETED_DEVICE_FAMILY = "1,2";
			};
			name = Release;
		};
		1F95BA9825BA799E00F60406 /* Debug */ = {
			isa = XCBuildConfiguration;
			buildSettings = {
				ALWAYS_EMBED_SWIFT_STANDARD_LIBRARIES = YES;
				BUNDLE_LOADER = "$(TEST_HOST)";
				CODE_SIGN_STYLE = Automatic;
				INFOPLIST_FILE = xiaoHongShuTests/Info.plist;
				IPHONEOS_DEPLOYMENT_TARGET = 14.2;
				LD_RUNPATH_SEARCH_PATHS = (
					"$(inherited)",
					"@executable_path/Frameworks",
					"@loader_path/Frameworks",
				);
				PRODUCT_BUNDLE_IDENTIFIER = com.app.xiaoHongShuTests;
				PRODUCT_NAME = "$(TARGET_NAME)";
				SWIFT_VERSION = 5.0;
				TARGETED_DEVICE_FAMILY = "1,2";
				TEST_HOST = "$(BUILT_PRODUCTS_DIR)/xiaoHongShu.app/xiaoHongShu";
			};
			name = Debug;
		};
		1F95BA9925BA799E00F60406 /* Release */ = {
			isa = XCBuildConfiguration;
			buildSettings = {
				ALWAYS_EMBED_SWIFT_STANDARD_LIBRARIES = YES;
				BUNDLE_LOADER = "$(TEST_HOST)";
				CODE_SIGN_STYLE = Automatic;
				INFOPLIST_FILE = xiaoHongShuTests/Info.plist;
				IPHONEOS_DEPLOYMENT_TARGET = 14.2;
				LD_RUNPATH_SEARCH_PATHS = (
					"$(inherited)",
					"@executable_path/Frameworks",
					"@loader_path/Frameworks",
				);
				PRODUCT_BUNDLE_IDENTIFIER = com.app.xiaoHongShuTests;
				PRODUCT_NAME = "$(TARGET_NAME)";
				SWIFT_VERSION = 5.0;
				TARGETED_DEVICE_FAMILY = "1,2";
				TEST_HOST = "$(BUILT_PRODUCTS_DIR)/xiaoHongShu.app/xiaoHongShu";
			};
			name = Release;
		};
		1F95BA9B25BA799E00F60406 /* Debug */ = {
			isa = XCBuildConfiguration;
			buildSettings = {
				ALWAYS_EMBED_SWIFT_STANDARD_LIBRARIES = YES;
				CODE_SIGN_STYLE = Automatic;
				INFOPLIST_FILE = xiaoHongShuUITests/Info.plist;
				LD_RUNPATH_SEARCH_PATHS = (
					"$(inherited)",
					"@executable_path/Frameworks",
					"@loader_path/Frameworks",
				);
				PRODUCT_BUNDLE_IDENTIFIER = com.app.xiaoHongShuUITests;
				PRODUCT_NAME = "$(TARGET_NAME)";
				SWIFT_VERSION = 5.0;
				TARGETED_DEVICE_FAMILY = "1,2";
				TEST_TARGET_NAME = xiaoHongShu;
			};
			name = Debug;
		};
		1F95BA9C25BA799E00F60406 /* Release */ = {
			isa = XCBuildConfiguration;
			buildSettings = {
				ALWAYS_EMBED_SWIFT_STANDARD_LIBRARIES = YES;
				CODE_SIGN_STYLE = Automatic;
				INFOPLIST_FILE = xiaoHongShuUITests/Info.plist;
				LD_RUNPATH_SEARCH_PATHS = (
					"$(inherited)",
					"@executable_path/Frameworks",
					"@loader_path/Frameworks",
				);
				PRODUCT_BUNDLE_IDENTIFIER = com.app.xiaoHongShuUITests;
				PRODUCT_NAME = "$(TARGET_NAME)";
				SWIFT_VERSION = 5.0;
				TARGETED_DEVICE_FAMILY = "1,2";
				TEST_TARGET_NAME = xiaoHongShu;
			};
			name = Release;
		};
/* End XCBuildConfiguration section */

/* Begin XCConfigurationList section */
		1F95BA6225BA799C00F60406 /* Build configuration list for PBXProject "xiaoHongShu" */ = {
			isa = XCConfigurationList;
			buildConfigurations = (
				1F95BA9225BA799E00F60406 /* Debug */,
				1F95BA9325BA799E00F60406 /* Release */,
			);
			defaultConfigurationIsVisible = 0;
			defaultConfigurationName = Release;
		};
		1F95BA9425BA799E00F60406 /* Build configuration list for PBXNativeTarget "xiaoHongShu" */ = {
			isa = XCConfigurationList;
			buildConfigurations = (
				1F95BA9525BA799E00F60406 /* Debug */,
				1F95BA9625BA799E00F60406 /* Release */,
			);
			defaultConfigurationIsVisible = 0;
			defaultConfigurationName = Release;
		};
		1F95BA9725BA799E00F60406 /* Build configuration list for PBXNativeTarget "xiaoHongShuTests" */ = {
			isa = XCConfigurationList;
			buildConfigurations = (
				1F95BA9825BA799E00F60406 /* Debug */,
				1F95BA9925BA799E00F60406 /* Release */,
			);
			defaultConfigurationIsVisible = 0;
			defaultConfigurationName = Release;
		};
		1F95BA9A25BA799E00F60406 /* Build configuration list for PBXNativeTarget "xiaoHongShuUITests" */ = {
			isa = XCConfigurationList;
			buildConfigurations = (
				1F95BA9B25BA799E00F60406 /* Debug */,
				1F95BA9C25BA799E00F60406 /* Release */,
			);
			defaultConfigurationIsVisible = 0;
			defaultConfigurationName = Release;
		};
/* End XCConfigurationList section */

/* Begin XCVersionGroup section */
		1F95BA7325BA799C00F60406 /* xiaoHongShu.xcdatamodeld */ = {
			isa = XCVersionGroup;
			children = (
				1F95BA7425BA799C00F60406 /* xiaoHongShu.xcdatamodel */,
			);
			currentVersion = 1F95BA7425BA799C00F60406 /* xiaoHongShu.xcdatamodel */;
			path = xiaoHongShu.xcdatamodeld;
			sourceTree = "<group>";
			versionGroupType = wrapper.xcdatamodel;
		};
/* End XCVersionGroup section */
	};
	rootObject = 1F95BA5F25BA799C00F60406 /* Project object */;
}
